schema: '2.0'
stages:
  train:
    cmd: python train_baseline.py
    deps:
    - path: dataset.py
      md5: 4d25003a3e4766c186c0384fcbd609a2
      size: 764
    - path: models.py
      md5: 1693056f81fe918e2826d48ae10cb52f
      size: 1564
    - path: train_baseline.py
      md5: fdc8c39f6f8abf69ee572dfef11e9151
      size: 2276
    - path: util.py
      md5: c976fc7d913800ba0fb22f74b7379f3c
      size: 326
    params:
      params.yaml:
        aug:
          x_shift: 0.025
          y_shift: 0.025
          rot: 15
          zoom_min: 0.9
          zoom_max: 1.2
          seed: 0
        prep:
          train_size: 1000
          seed: 0
        train:
          lr: 0.003
          bs: 128
          epochs: 20
    outs:
    - path: plots/baseline_cnn_acc.json
      md5: 1ba033aa007178ac764245621d516ce0
      size: 489
    - path: plots/baseline_cnn_loss.json
      md5: dba8d25fd9fa6170d495d3aa4b33b541
      size: 507
  train_lc:
    cmd: python train_lc.py
    deps:
    - path: dataset.py
      md5: 6fade36e5cef1dba538d1e87b946f6e9
      size: 772
    - path: models.py
      md5: cb3f442381702f8c7065b8cce4252946
      size: 3843
    - path: train_lc.py
      md5: 0551d33748f8a857a7557028e81d35f4
      size: 2210
    - path: util.py
      md5: da53e018f570aceadd7e151a6ec9f96b
      size: 1127
    params:
      params.yaml:
        aug:
          x_shift: 0.025
          y_shift: 0.025
          rot: 15
          zoom_min: 0.9
          zoom_max: 1.2
          seed: 0
        prep:
          train_size: 1000
          seed: 0
        train:
          lr: 0.003
          bs: 128
          epochs: 30
          stages:
          - size: 1000
            count: 19
    outs:
    - path: plots/lc_cnn_acc.json
      md5: 011ade267eb075cf130ec64ba5cb9bac
      size: 940
    - path: plots/lc_cnn_loss.json
      md5: 577b79e25a4ddc66ad0794bdaef0c061
      size: 963
  train_baseline:
    cmd: python train_baseline.py
    deps:
    - path: dataset.py
      md5: 6fade36e5cef1dba538d1e87b946f6e9
      size: 772
    - path: models.py
      md5: cb3f442381702f8c7065b8cce4252946
      size: 3843
    - path: train_baseline.py
      md5: 26f8f24e3524d0cab437c4fce094aea4
      size: 1756
    - path: util.py
      md5: da53e018f570aceadd7e151a6ec9f96b
      size: 1127
    params:
      params.yaml:
        aug:
          x_shift: 0.025
          y_shift: 0.025
          rot: 15
          zoom_min: 0.9
          zoom_max: 1.2
          seed: 0
        prep:
          train_size: 1000
          seed: 0
        train:
          lr: 0.003
          bs: 128
          epochs: 30
          stages:
          - size: 1000
            count: 19
    outs:
    - path: plots/baseline_cnn_acc.json
      md5: c746b095df1473da27243596ec0f1a1c
      size: 938
    - path: plots/baseline_cnn_loss.json
      md5: 431dad445fe6948fcbaad33748aededc
      size: 964
  train_sm:
    cmd: python train_sm.py
    deps:
    - path: dataset.py
      md5: 6fade36e5cef1dba538d1e87b946f6e9
      size: 772
    - path: models.py
      md5: cb3f442381702f8c7065b8cce4252946
      size: 3843
    - path: train_lc.py
      md5: 0551d33748f8a857a7557028e81d35f4
      size: 2210
    - path: util.py
      md5: da53e018f570aceadd7e151a6ec9f96b
      size: 1127
    params:
      params.yaml:
        aug:
          x_shift: 0.025
          y_shift: 0.025
          rot: 15
          zoom_min: 0.9
          zoom_max: 1.2
          seed: 0
        prep:
          train_size: 1000
          seed: 0
        train:
          lr: 0.003
          bs: 128
          epochs: 30
          stages:
          - size: 1000
            count: 19
    outs:
    - path: plots/sm_cnn_acc.json
      md5: d55188a44448cf5ca03c5a2733b8f042
      size: 937
    - path: plots/sm_cnn_loss.json
      md5: 250c8171f075ca25287027870bc49dff
      size: 968
  train_ent:
    cmd: python train_ent.py
    deps:
    - path: dataset.py
      md5: 6fade36e5cef1dba538d1e87b946f6e9
      size: 772
    - path: models.py
      md5: cb3f442381702f8c7065b8cce4252946
      size: 3843
    - path: train_lc.py
      md5: 0551d33748f8a857a7557028e81d35f4
      size: 2210
    - path: util.py
      md5: da53e018f570aceadd7e151a6ec9f96b
      size: 1127
    params:
      params.yaml:
        aug:
          x_shift: 0.025
          y_shift: 0.025
          rot: 15
          zoom_min: 0.9
          zoom_max: 1.2
          seed: 0
        prep:
          train_size: 1000
          seed: 0
        train:
          lr: 0.003
          bs: 128
          epochs: 30
          stages:
          - size: 1000
            count: 19
    outs:
    - path: plots/ent_cnn_acc.json
      md5: b0e0ea5b05bf7aaedeee6a04a6831cf2
      size: 936
    - path: plots/ent_cnn_loss.json
      md5: 093643219fd3bbad9c459a69ef6cf14e
      size: 962
