schema: '2.0'
stages:
  train:
    cmd: python train_baseline.py
    deps:
    - path: dataset.py
      md5: 4d25003a3e4766c186c0384fcbd609a2
      size: 764
    - path: models.py
      md5: 1693056f81fe918e2826d48ae10cb52f
      size: 1564
    - path: train_baseline.py
      md5: 6eef029ff7ed26d4da7ee8e4edac4bf9
      size: 2267
    - path: util.py
      md5: c976fc7d913800ba0fb22f74b7379f3c
      size: 326
    params:
      params.yaml:
        aug:
          x_shift: 0.025
          y_shift: 0.025
          rot: 15
          zoom_min: 0.9
          zoom_max: 1.2
          seed: 0
        prep:
          train_size: 1000
          seed: 0
        train:
          lr: 0.003
          bs: 128
          epochs: 20
    outs:
    - path: plots/baseline_cnn_acc.json
      md5: aa3ea058f1a5e9b1b51fd8b24aaf2b7c
      size: 436
    - path: plots/baseline_cnn_loss.json
      md5: 2dff56388d216b88841df81b05cd1af6
      size: 454
