schema: '2.0'
stages:
  train:
    cmd: python train.py
    deps:
    - path: dataset.py
      md5: bc836afca61648752dcf34065288450c
      size: 718
    - path: models.py
      md5: ed8b204dfff3f51aae19102fe0aded36
      size: 2071
    - path: selection.py
      md5: a8020c9a2a43a687fbf2dd7285229a3a
      size: 5648
    - path: train.py
      md5: 9515b7a0b43e8d773d7165ae4924189a
      size: 3977
    - path: util.py
      md5: fdff41fed3a879154b06a986c19083ba
      size: 1178
    params:
      params.yaml:
        aug:
          x_shift: 0.025
          y_shift: 0.025
          rot: 15
          zoom_min: 0.9
          zoom_max: 1.2
          seed: 0
        train:
          dataset: fashion_mnist
          seed: 0
          lr: 0.003
          bs: 128
          epochs: 30
          selector: sm
          init_size: 500
          run_full: true
          stages:
          - size: 500
            count: 4
          - size: 1000
            count: 2
          - size: 2000
            count: 3
          - size: 5000
            count: 4
          - size: 10000
            count: 2
    outs:
    - path: plots/accuracy.json
      md5: 881e475e16839c8307e8c4277d99bb71
      size: 789
    - path: plots/loss.json
      md5: 6078986c337e6110102a747cb8ff94a2
      size: 811
  train_lc:
    cmd: python train_lc.py
    deps:
    - path: dataset.py
      md5: 4d25003a3e4766c186c0384fcbd609a2
      size: 764
    - path: models.py
      md5: cb3f442381702f8c7065b8cce4252946
      size: 3843
    - path: train_lc.py
      md5: 0551d33748f8a857a7557028e81d35f4
      size: 2210
    - path: util.py
      md5: da53e018f570aceadd7e151a6ec9f96b
      size: 1127
    params:
      params.yaml:
        aug:
          x_shift: 0.025
          y_shift: 0.025
          rot: 15
          zoom_min: 0.9
          zoom_max: 1.2
          seed: 0
        prep:
          train_size: 1000
          seed: 0
        train:
          lr: 0.003
          bs: 128
          epochs: 30
          stages:
          - size: 1000
            count: 19
    outs:
    - path: plots/lc_cnn_acc.json
      md5: b181b1dbd597ba2e7b562f2ae376276c
      size: 940
    - path: plots/lc_cnn_loss.json
      md5: 4d8dc0b0bc49b4fcde577ccf34c4ab2b
      size: 989
  train_baseline:
    cmd: python train_baseline.py
    deps:
    - path: dataset.py
      md5: 4d25003a3e4766c186c0384fcbd609a2
      size: 764
    - path: models.py
      md5: cb3f442381702f8c7065b8cce4252946
      size: 3843
    - path: train_baseline.py
      md5: 26f8f24e3524d0cab437c4fce094aea4
      size: 1756
    - path: util.py
      md5: da53e018f570aceadd7e151a6ec9f96b
      size: 1127
    params:
      params.yaml:
        aug:
          x_shift: 0.025
          y_shift: 0.025
          rot: 15
          zoom_min: 0.9
          zoom_max: 1.2
          seed: 0
        prep:
          train_size: 1000
          seed: 0
        train:
          lr: 0.003
          bs: 128
          epochs: 30
          stages:
          - size: 1000
            count: 19
    outs:
    - path: plots/baseline_cnn_acc.json
      md5: a9e57eb628a2f5a52a4af92eeb183511
      size: 937
    - path: plots/baseline_cnn_loss.json
      md5: 954fda6b9d24e6e0480d650c438970bd
      size: 983
  train_sm:
    cmd: python train_sm.py
    deps:
    - path: dataset.py
      md5: 4d25003a3e4766c186c0384fcbd609a2
      size: 764
    - path: models.py
      md5: cb3f442381702f8c7065b8cce4252946
      size: 3843
    - path: train_lc.py
      md5: 0551d33748f8a857a7557028e81d35f4
      size: 2210
    - path: util.py
      md5: da53e018f570aceadd7e151a6ec9f96b
      size: 1127
    params:
      params.yaml:
        aug:
          x_shift: 0.025
          y_shift: 0.025
          rot: 15
          zoom_min: 0.9
          zoom_max: 1.2
          seed: 0
        prep:
          train_size: 1000
          seed: 0
        train:
          lr: 0.003
          bs: 128
          epochs: 30
          stages:
          - size: 1000
            count: 19
    outs:
    - path: plots/sm_cnn_acc.json
      md5: a66d7f4a11039f367fd4c8838446c5d0
      size: 939
    - path: plots/sm_cnn_loss.json
      md5: c3606cead250a6a2cbf9ab06bd210897
      size: 990
  train_ent:
    cmd: python train_ent.py
    deps:
    - path: dataset.py
      md5: 4d25003a3e4766c186c0384fcbd609a2
      size: 764
    - path: models.py
      md5: cb3f442381702f8c7065b8cce4252946
      size: 3843
    - path: train_lc.py
      md5: 0551d33748f8a857a7557028e81d35f4
      size: 2210
    - path: util.py
      md5: da53e018f570aceadd7e151a6ec9f96b
      size: 1127
    params:
      params.yaml:
        aug:
          x_shift: 0.025
          y_shift: 0.025
          rot: 15
          zoom_min: 0.9
          zoom_max: 1.2
          seed: 0
        prep:
          train_size: 1000
          seed: 0
        train:
          lr: 0.003
          bs: 128
          epochs: 30
          stages:
          - size: 1000
            count: 19
    outs:
    - path: plots/ent_cnn_acc.json
      md5: 6587a86d928d1088ca8b91f4cd9fecce
      size: 938
    - path: plots/ent_cnn_loss.json
      md5: 7091cf5f2db4da0b72bf21f983f5fecc
      size: 990
